
Microsoft Visual Studio Solution File, Format Version 12.00
# Visual Studio Version 17
VisualStudioVersion = 17.10.34601.281
MinimumVisualStudioVersion = 10.0.40219.1
Project("{FAE04EC0-301F-11D3-BF4B-00C04F79EFBC}") = "TestConsoleApp", "TestConsoleApp.csproj", "{EFDE0379-AD93-42F6-B89D-50158702AAEC}"
EndProject
Global
	GlobalSection(SolutionConfigurationPlatforms) = preSolution
		Debug|Any CPU = Debug|Any CPU
		Release|Any CPU = Release|Any CPU
	EndGlobalSection
	GlobalSection(ProjectConfigurationPlatforms) = postSolution
		{EFDE0379-AD93-42F6-B89D-50158702AAEC}.Debug|Any CPU.ActiveCfg = Debug|Any CPU
		{EFDE0379-AD93-42F6-B89D-50158702AAEC}.Debug|Any CPU.Build.0 = Debug|Any CPU
		{EFDE0379-AD93-42F6-B89D-50158702AAEC}.Release|Any CPU.ActiveCfg = Release|Any CPU
		{EFDE0379-AD93-42F6-B89D-50158702AAEC}.Release|Any CPU.Build.0 = Release|Any CPU
	EndGlobalSection
	GlobalSection(SolutionProperties) = preSolution
		HideSolutionNode = FALSE
	EndGlobalSection
	GlobalSection(ExtensibilityGlobals) = postSolution
		SolutionGuid = {BF6567FC-63D2-40FC-9FBA-98C773203CE8}
	EndGlobalSection
EndGlobal
